// !$*UTF8*$!
{
	archiveVersion = 1;
	classes = {
	};
	objectVersion = 55;
	objects = {

/* Begin PBXBuildFile section */
		0D230C95A1A96B815D212231 /* Pods_Parstagram.framework in Frameworks */ = {isa = PBXBuildFile; fileRef = 227B884D561A2DBE2278E451 /* Pods_Parstagram.framework */; };
		10D61BDB27163A9000E5F12C /* AppDelegate.swift in Sources */ = {isa = PBXBuildFile; fileRef = 10D61BDA27163A9000E5F12C /* AppDelegate.swift */; };
		10D61BDD27163A9000E5F12C /* SceneDelegate.swift in Sources */ = {isa = PBXBuildFile; fileRef = 10D61BDC27163A9000E5F12C /* SceneDelegate.swift */; };
		10D61BDF27163A9000E5F12C /* ViewController.swift in Sources */ = {isa = PBXBuildFile; fileRef = 10D61BDE27163A9000E5F12C /* ViewController.swift */; };
		10D61BE227163A9000E5F12C /* Main.storyboard in Resources */ = {isa = PBXBuildFile; fileRef = 10D61BE027163A9000E5F12C /* Main.storyboard */; };
		10D61BE527163A9000E5F12C /* Parstagram.xcdatamodeld in Sources */ = {isa = PBXBuildFile; fileRef = 10D61BE327163A9000E5F12C /* Parstagram.xcdatamodeld */; };
		10D61BE727163A9200E5F12C /* Assets.xcassets in Resources */ = {isa = PBXBuildFile; fileRef = 10D61BE627163A9200E5F12C /* Assets.xcassets */; };
		10D61BEA27163A9200E5F12C /* LaunchScreen.storyboard in Resources */ = {isa = PBXBuildFile; fileRef = 10D61BE827163A9200E5F12C /* LaunchScreen.storyboard */; };
		10D61BF527163A9300E5F12C /* ParstagramTests.swift in Sources */ = {isa = PBXBuildFile; fileRef = 10D61BF427163A9300E5F12C /* ParstagramTests.swift */; };
		10D61BFF27163A9300E5F12C /* ParstagramUITests.swift in Sources */ = {isa = PBXBuildFile; fileRef = 10D61BFE27163A9300E5F12C /* ParstagramUITests.swift */; };
		10D61C0127163A9300E5F12C /* ParstagramUITestsLaunchTests.swift in Sources */ = {isa = PBXBuildFile; fileRef = 10D61C0027163A9300E5F12C /* ParstagramUITestsLaunchTests.swift */; };
		10D61C0F2716446A00E5F12C /* LoginViewController.swift in Sources */ = {isa = PBXBuildFile; fileRef = 10D61C0E2716446A00E5F12C /* LoginViewController.swift */; };
		10D61C112716466B00E5F12C /* FeedViewController.swift in Sources */ = {isa = PBXBuildFile; fileRef = 10D61C102716466B00E5F12C /* FeedViewController.swift */; };
		10D61C13271647F600E5F12C /* PostTableViewCell.swift in Sources */ = {isa = PBXBuildFile; fileRef = 10D61C12271647F600E5F12C /* PostTableViewCell.swift */; };
		10D61C152716495700E5F12C /* CameraViewController.swift in Sources */ = {isa = PBXBuildFile; fileRef = 10D61C142716495700E5F12C /* CameraViewController.swift */; };
/* End PBXBuildFile section */

/* Begin PBXContainerItemProxy section */
		10D61BF127163A9300E5F12C /* PBXContainerItemProxy */ = {
			isa = PBXContainerItemProxy;
			containerPortal = 10D61BCF27163A9000E5F12C /* Project object */;
			proxyType = 1;
			remoteGlobalIDString = 10D61BD627163A9000E5F12C;
			remoteInfo = Parstagram;
		};
		10D61BFB27163A9300E5F12C /* PBXContainerItemProxy */ = {
			isa = PBXContainerItemProxy;
			containerPortal = 10D61BCF27163A9000E5F12C /* Project object */;
			proxyType = 1;
			remoteGlobalIDString = 10D61BD627163A9000E5F12C;
			remoteInfo = Parstagram;
		};
/* End PBXContainerItemProxy section */

/* Begin PBXFileReference section */
		10D61BD727163A9000E5F12C /* Parstagram.app */ = {isa = PBXFileReference; explicitFileType = wrapper.application; includeInIndex = 0; path = Parstagram.app; sourceTree = BUILT_PRODUCTS_DIR; };
		10D61BDA27163A9000E5F12C /* AppDelegate.swift */ = {isa = PBXFileReference; lastKnownFileType = sourcecode.swift; path = AppDelegate.swift; sourceTree = "<group>"; };
		10D61BDC27163A9000E5F12C /* SceneDelegate.swift */ = {isa = PBXFileReference; lastKnownFileType = sourcecode.swift; path = SceneDelegate.swift; sourceTree = "<group>"; };
		10D61BDE27163A9000E5F12C /* ViewController.swift */ = {isa = PBXFileReference; lastKnownFileType = sourcecode.swift; path = ViewController.swift; sourceTree = "<group>"; };
		10D61BE127163A9000E5F12C /* Base */ = {isa = PBXFileReference; lastKnownFileType = file.storyboard; name = Base; path = Base.lproj/Main.storyboard; sourceTree = "<group>"; };
		10D61BE427163A9000E5F12C /* Parstagram.xcdatamodel */ = {isa = PBXFileReference; lastKnownFileType = wrapper.xcdatamodel; path = Parstagram.xcdatamodel; sourceTree = "<group>"; };
		10D61BE627163A9200E5F12C /* Assets.xcassets */ = {isa = PBXFileReference; lastKnownFileType = folder.assetcatalog; path = Assets.xcassets; sourceTree = "<group>"; };
		10D61BE927163A9200E5F12C /* Base */ = {isa = PBXFileReference; lastKnownFileType = file.storyboard; name = Base; path = Base.lproj/LaunchScreen.storyboard; sourceTree = "<group>"; };
		10D61BEB27163A9200E5F12C /* Info.plist */ = {isa = PBXFileReference; lastKnownFileType = text.plist.xml; path = Info.plist; sourceTree = "<group>"; };
		10D61BF027163A9300E5F12C /* ParstagramTests.xctest */ = {isa = PBXFileReference; explicitFileType = wrapper.cfbundle; includeInIndex = 0; path = ParstagramTests.xctest; sourceTree = BUILT_PRODUCTS_DIR; };
		10D61BF427163A9300E5F12C /* ParstagramTests.swift */ = {isa = PBXFileReference; lastKnownFileType = sourcecode.swift; path = ParstagramTests.swift; sourceTree = "<group>"; };
		10D61BFA27163A9300E5F12C /* ParstagramUITests.xctest */ = {isa = PBXFileReference; explicitFileType = wrapper.cfbundle; includeInIndex = 0; path = ParstagramUITests.xctest; sourceTree = BUILT_PRODUCTS_DIR; };
		10D61BFE27163A9300E5F12C /* ParstagramUITests.swift */ = {isa = PBXFileReference; lastKnownFileType = sourcecode.swift; path = ParstagramUITests.swift; sourceTree = "<group>"; };
		10D61C0027163A9300E5F12C /* ParstagramUITestsLaunchTests.swift */ = {isa = PBXFileReference; lastKnownFileType = sourcecode.swift; path = ParstagramUITestsLaunchTests.swift; sourceTree = "<group>"; };
		10D61C0E2716446A00E5F12C /* LoginViewController.swift */ = {isa = PBXFileReference; lastKnownFileType = sourcecode.swift; path = LoginViewController.swift; sourceTree = "<group>"; };
		10D61C102716466B00E5F12C /* FeedViewController.swift */ = {isa = PBXFileReference; lastKnownFileType = sourcecode.swift; path = FeedViewController.swift; sourceTree = "<group>"; };
		10D61C12271647F600E5F12C /* PostTableViewCell.swift */ = {isa = PBXFileReference; lastKnownFileType = sourcecode.swift; path = PostTableViewCell.swift; sourceTree = "<group>"; };
		10D61C142716495700E5F12C /* CameraViewController.swift */ = {isa = PBXFileReference; lastKnownFileType = sourcecode.swift; path = CameraViewController.swift; sourceTree = "<group>"; };
		227B884D561A2DBE2278E451 /* Pods_Parstagram.framework */ = {isa = PBXFileReference; explicitFileType = wrapper.framework; includeInIndex = 0; path = Pods_Parstagram.framework; sourceTree = BUILT_PRODUCTS_DIR; };
		EB3336384C590F9ADAB1290B /* Pods-Parstagram.release.xcconfig */ = {isa = PBXFileReference; includeInIndex = 1; lastKnownFileType = text.xcconfig; name = "Pods-Parstagram.release.xcconfig"; path = "Target Support Files/Pods-Parstagram/Pods-Parstagram.release.xcconfig"; sourceTree = "<group>"; };
		FE66BE29ECE581DF666391E5 /* Pods-Parstagram.debug.xcconfig */ = {isa = PBXFileReference; includeInIndex = 1; lastKnownFileType = text.xcconfig; name = "Pods-Parstagram.debug.xcconfig"; path = "Target Support Files/Pods-Parstagram/Pods-Parstagram.debug.xcconfig"; sourceTree = "<group>"; };
/* End PBXFileReference section */

/* Begin PBXFrameworksBuildPhase section */
		10D61BD427163A9000E5F12C /* Frameworks */ = {
			isa = PBXFrameworksBuildPhase;
			buildActionMask = 2147483647;
			files = (
				0D230C95A1A96B815D212231 /* Pods_Parstagram.framework in Frameworks */,
			);
			runOnlyForDeploymentPostprocessing = 0;
		};
		10D61BED27163A9300E5F12C /* Frameworks */ = {
			isa = PBXFrameworksBuildPhase;
			buildActionMask = 2147483647;
			files = (
			);
			runOnlyForDeploymentPostprocessing = 0;
		};
		10D61BF727163A9300E5F12C /* Frameworks */ = {
			isa = PBXFrameworksBuildPhase;
			buildActionMask = 2147483647;
			files = (
			);
			runOnlyForDeploymentPostprocessing = 0;
		};
/* End PBXFrameworksBuildPhase section */

/* Begin PBXGroup section */
		10D61BCE27163A9000E5F12C = {
			isa = PBXGroup;
			children = (
				10D61BD927163A9000E5F12C /* Parstagram */,
				10D61BF327163A9300E5F12C /* ParstagramTests */,
				10D61BFD27163A9300E5F12C /* ParstagramUITests */,
				10D61BD827163A9000E5F12C /* Products */,
				5CD9A94DA6F34D7016292C1C /* Pods */,
				5A0D05A6F6ED04E3D1F353EA /* Frameworks */,
			);
			sourceTree = "<group>";
		};
		10D61BD827163A9000E5F12C /* Products */ = {
			isa = PBXGroup;
			children = (
				10D61BD727163A9000E5F12C /* Parstagram.app */,
				10D61BF027163A9300E5F12C /* ParstagramTests.xctest */,
				10D61BFA27163A9300E5F12C /* ParstagramUITests.xctest */,
			);
			name = Products;
			sourceTree = "<group>";
		};
		10D61BD927163A9000E5F12C /* Parstagram */ = {
			isa = PBXGroup;
			children = (
				10D61BDA27163A9000E5F12C /* AppDelegate.swift */,
				10D61C0E2716446A00E5F12C /* LoginViewController.swift */,
				10D61BDC27163A9000E5F12C /* SceneDelegate.swift */,
				10D61BDE27163A9000E5F12C /* ViewController.swift */,
				10D61BE027163A9000E5F12C /* Main.storyboard */,
				10D61C102716466B00E5F12C /* FeedViewController.swift */,
				10D61C142716495700E5F12C /* CameraViewController.swift */,
				10D61C12271647F600E5F12C /* PostTableViewCell.swift */,
				10D61BE627163A9200E5F12C /* Assets.xcassets */,
				10D61BE827163A9200E5F12C /* LaunchScreen.storyboard */,
				10D61BEB27163A9200E5F12C /* Info.plist */,
				10D61BE327163A9000E5F12C /* Parstagram.xcdatamodeld */,
			);
			path = Parstagram;
			sourceTree = "<group>";
		};
		10D61BF327163A9300E5F12C /* ParstagramTests */ = {
			isa = PBXGroup;
			children = (
				10D61BF427163A9300E5F12C /* ParstagramTests.swift */,
			);
			path = ParstagramTests;
			sourceTree = "<group>";
		};
		10D61BFD27163A9300E5F12C /* ParstagramUITests */ = {
			isa = PBXGroup;
			children = (
				10D61BFE27163A9300E5F12C /* ParstagramUITests.swift */,
				10D61C0027163A9300E5F12C /* ParstagramUITestsLaunchTests.swift */,
			);
			path = ParstagramUITests;
			sourceTree = "<group>";
		};
		5A0D05A6F6ED04E3D1F353EA /* Frameworks */ = {
			isa = PBXGroup;
			children = (
				227B884D561A2DBE2278E451 /* Pods_Parstagram.framework */,
			);
			name = Frameworks;
			sourceTree = "<group>";
		};
		5CD9A94DA6F34D7016292C1C /* Pods */ = {
			isa = PBXGroup;
			children = (
				FE66BE29ECE581DF666391E5 /* Pods-Parstagram.debug.xcconfig */,
				EB3336384C590F9ADAB1290B /* Pods-Parstagram.release.xcconfig */,
			);
			path = Pods;
			sourceTree = "<group>";
		};
/* End PBXGroup section */

/* Begin PBXNativeTarget section */
		10D61BD627163A9000E5F12C /* Parstagram */ = {
			isa = PBXNativeTarget;
			buildConfigurationList = 10D61C0427163A9300E5F12C /* Build configuration list for PBXNativeTarget "Parstagram" */;
			buildPhases = (
				0DEB6C208E0C100B9631B12A /* [CP] Check Pods Manifest.lock */,
				10D61BD327163A9000E5F12C /* Sources */,
				10D61BD427163A9000E5F12C /* Frameworks */,
				10D61BD527163A9000E5F12C /* Resources */,
				6F0B54AB6E2EB937FC7FAEC1 /* [CP] Embed Pods Frameworks */,
			);
			buildRules = (
			);
			dependencies = (
			);
			name = Parstagram;
			productName = Parstagram;
			productReference = 10D61BD727163A9000E5F12C /* Parstagram.app */;
			productType = "com.apple.product-type.application";
		};
		10D61BEF27163A9300E5F12C /* ParstagramTests */ = {
			isa = PBXNativeTarget;
			buildConfigurationList = 10D61C0727163A9300E5F12C /* Build configuration list for PBXNativeTarget "ParstagramTests" */;
			buildPhases = (
				10D61BEC27163A9300E5F12C /* Sources */,
				10D61BED27163A9300E5F12C /* Frameworks */,
				10D61BEE27163A9300E5F12C /* Resources */,
			);
			buildRules = (
			);
			dependencies = (
				10D61BF227163A9300E5F12C /* PBXTargetDependency */,
			);
			name = ParstagramTests;
			productName = ParstagramTests;
			productReference = 10D61BF027163A9300E5F12C /* ParstagramTests.xctest */;
			productType = "com.apple.product-type.bundle.unit-test";
		};
		10D61BF927163A9300E5F12C /* ParstagramUITests */ = {
			isa = PBXNativeTarget;
			buildConfigurationList = 10D61C0A27163A9300E5F12C /* Build configuration list for PBXNativeTarget "ParstagramUITests" */;
			buildPhases = (
				10D61BF627163A9300E5F12C /* Sources */,
				10D61BF727163A9300E5F12C /* Frameworks */,
				10D61BF827163A9300E5F12C /* Resources */,
			);
			buildRules = (
			);
			dependencies = (
				10D61BFC27163A9300E5F12C /* PBXTargetDependency */,
			);
			name = ParstagramUITests;
			productName = ParstagramUITests;
			productReference = 10D61BFA27163A9300E5F12C /* ParstagramUITests.xctest */;
			productType = "com.apple.product-type.bundle.ui-testing";
		};
/* End PBXNativeTarget section */

/* Begin PBXProject section */
		10D61BCF27163A9000E5F12C /* Project object */ = {
			isa = PBXProject;
			attributes = {
				BuildIndependentTargetsInParallel = 1;
				LastSwiftUpdateCheck = 1300;
				LastUpgradeCheck = 1300;
				TargetAttributes = {
					10D61BD627163A9000E5F12C = {
						CreatedOnToolsVersion = 13.0;
					};
					10D61BEF27163A9300E5F12C = {
						CreatedOnToolsVersion = 13.0;
						TestTargetID = 10D61BD627163A9000E5F12C;
					};
					10D61BF927163A9300E5F12C = {
						CreatedOnToolsVersion = 13.0;
						TestTargetID = 10D61BD627163A9000E5F12C;
					};
				};
			};
			buildConfigurationList = 10D61BD227163A9000E5F12C /* Build configuration list for PBXProject "Parstagram" */;
			compatibilityVersion = "Xcode 13.0";
			developmentRegion = en;
			hasScannedForEncodings = 0;
			knownRegions = (
				en,
				Base,
			);
			mainGroup = 10D61BCE27163A9000E5F12C;
			packageReferences = (
			);
			productRefGroup = 10D61BD827163A9000E5F12C /* Products */;
			projectDirPath = "";
			projectRoot = "";
			targets = (
				10D61BD627163A9000E5F12C /* Parstagram */,
				10D61BEF27163A9300E5F12C /* ParstagramTests */,
				10D61BF927163A9300E5F12C /* ParstagramUITests */,
			);
		};
/* End PBXProject section */

/* Begin PBXResourcesBuildPhase section */
		10D61BD527163A9000E5F12C /* Resources */ = {
			isa = PBXResourcesBuildPhase;
			buildActionMask = 2147483647;
			files = (
				10D61BEA27163A9200E5F12C /* LaunchScreen.storyboard in Resources */,
				10D61BE727163A9200E5F12C /* Assets.xcassets in Resources */,
				10D61BE227163A9000E5F12C /* Main.storyboard in Resources */,
			);
			runOnlyForDeploymentPostprocessing = 0;
		};
		10D61BEE27163A9300E5F12C /* Resources */ = {
			isa = PBXResourcesBuildPhase;
			buildActionMask = 2147483647;
			files = (
			);
			runOnlyForDeploymentPostprocessing = 0;
		};
		10D61BF827163A9300E5F12C /* Resources */ = {
			isa = PBXResourcesBuildPhase;
			buildActionMask = 2147483647;
			files = (
			);
			runOnlyForDeploymentPostprocessing = 0;
		};
/* End PBXResourcesBuildPhase section */

/* Begin PBXShellScriptBuildPhase section */
		0DEB6C208E0C100B9631B12A /* [CP] Check Pods Manifest.lock */ = {
			isa = PBXShellScriptBuildPhase;
			buildActionMask = 2147483647;
			files = (
			);
			inputFileListPaths = (
			);
			inputPaths = (
				"${PODS_PODFILE_DIR_PATH}/Podfile.lock",
				"${PODS_ROOT}/Manifest.lock",
			);
			name = "[CP] Check Pods Manifest.lock";
			outputFileListPaths = (
			);
			outputPaths = (
				"$(DERIVED_FILE_DIR)/Pods-Parstagram-checkManifestLockResult.txt",
			);
			runOnlyForDeploymentPostprocessing = 0;
			shellPath = /bin/sh;
			shellScript = "diff \"${PODS_PODFILE_DIR_PATH}/Podfile.lock\" \"${PODS_ROOT}/Manifest.lock\" > /dev/null\nif [ $? != 0 ] ; then\n    # print error to STDERR\n    echo \"error: The sandbox is not in sync with the Podfile.lock. Run 'pod install' or update your CocoaPods installation.\" >&2\n    exit 1\nfi\n# This output is used by Xcode 'outputs' to avoid re-running this script phase.\necho \"SUCCESS\" > \"${SCRIPT_OUTPUT_FILE_0}\"\n";
			showEnvVarsInLog = 0;
		};
		6F0B54AB6E2EB937FC7FAEC1 /* [CP] Embed Pods Frameworks */ = {
			isa = PBXShellScriptBuildPhase;
			buildActionMask = 2147483647;
			files = (
			);
			inputFileListPaths = (
				"${PODS_ROOT}/Target Support Files/Pods-Parstagram/Pods-Parstagram-frameworks-${CONFIGURATION}-input-files.xcfilelist",
			);
			name = "[CP] Embed Pods Frameworks";
			outputFileListPaths = (
				"${PODS_ROOT}/Target Support Files/Pods-Parstagram/Pods-Parstagram-frameworks-${CONFIGURATION}-output-files.xcfilelist",
			);
			runOnlyForDeploymentPostprocessing = 0;
			shellPath = /bin/sh;
			shellScript = "\"${PODS_ROOT}/Target Support Files/Pods-Parstagram/Pods-Parstagram-frameworks.sh\"\n";
			showEnvVarsInLog = 0;
		};
/* End PBXShellScriptBuildPhase section */

/* Begin PBXSourcesBuildPhase section */
		10D61BD327163A9000E5F12C /* Sources */ = {
			isa = PBXSourcesBuildPhase;
			buildActionMask = 2147483647;
			files = (
				10D61C13271647F600E5F12C /* PostTableViewCell.swift in Sources */,
				10D61BDF27163A9000E5F12C /* ViewController.swift in Sources */,
				10D61BE527163A9000E5F12C /* Parstagram.xcdatamodeld in Sources */,
				10D61BDB27163A9000E5F12C /* AppDelegate.swift in Sources */,
				10D61C0F2716446A00E5F12C /* LoginViewController.swift in Sources */,
				10D61C152716495700E5F12C /* CameraViewController.swift in Sources */,
				10D61C112716466B00E5F12C /* FeedViewController.swift in Sources */,
				10D61BDD27163A9000E5F12C /* SceneDelegate.swift in Sources */,
			);
			runOnlyForDeploymentPostprocessing = 0;
		};
		10D61BEC27163A9300E5F12C /* Sources */ = {
			isa = PBXSourcesBuildPhase;
			buildActionMask = 2147483647;
			files = (
				10D61BF527163A9300E5F12C /* ParstagramTests.swift in Sources */,
			);
			runOnlyForDeploymentPostprocessing = 0;
		};
		10D61BF627163A9300E5F12C /* Sources */ = {
			isa = PBXSourcesBuildPhase;
			buildActionMask = 2147483647;
			files = (
				10D61C0127163A9300E5F12C /* ParstagramUITestsLaunchTests.swift in Sources */,
				10D61BFF27163A9300E5F12C /* ParstagramUITests.swift in Sources */,
			);
			runOnlyForDeploymentPostprocessing = 0;
		};
/* End PBXSourcesBuildPhase section */

/* Begin PBXTargetDependency section */
		10D61BF227163A9300E5F12C /* PBXTargetDependency */ = {
			isa = PBXTargetDependency;
			target = 10D61BD627163A9000E5F12C /* Parstagram */;
			targetProxy = 10D61BF127163A9300E5F12C /* PBXContainerItemProxy */;
		};
		10D61BFC27163A9300E5F12C /* PBXTargetDependency */ = {
			isa = PBXTargetDependency;
			target = 10D61BD627163A9000E5F12C /* Parstagram */;
			targetProxy = 10D61BFB27163A9300E5F12C /* PBXContainerItemProxy */;
		};
/* End PBXTargetDependency section */

/* Begin PBXVariantGroup section */
		10D61BE027163A9000E5F12C /* Main.storyboard */ = {
			isa = PBXVariantGroup;
			children = (
				10D61BE127163A9000E5F12C /* Base */,
			);
			name = Main.storyboard;
			sourceTree = "<group>";
		};
		10D61BE827163A9200E5F12C /* LaunchScreen.storyboard */ = {
			isa = PBXVariantGroup;
			children = (
				10D61BE927163A9200E5F12C /* Base */,
			);
			name = LaunchScreen.storyboard;
			sourceTree = "<group>";
		};
/* End PBXVariantGroup section */

/* Begin XCBuildConfiguration section */
		10D61C0227163A9300E5F12C /* Debug */ = {
			isa = XCBuildConfiguration;
			buildSettings = {
				ALWAYS_SEARCH_USER_PATHS = NO;
				CLANG_ANALYZER_NONNULL = YES;
				CLANG_ANALYZER_NUMBER_OBJECT_CONVERSION = YES_AGGRESSIVE;
				CLANG_CXX_LANGUAGE_STANDARD = "gnu++17";
				CLANG_CXX_LIBRARY = "libc++";
				CLANG_ENABLE_MODULES = YES;
				CLANG_ENABLE_OBJC_ARC = YES;
				CLANG_ENABLE_OBJC_WEAK = YES;
				CLANG_WARN_BLOCK_CAPTURE_AUTORELEASING = YES;
				CLANG_WARN_BOOL_CONVERSION = YES;
				CLANG_WARN_COMMA = YES;
				CLANG_WARN_CONSTANT_CONVERSION = YES;
				CLANG_WARN_DEPRECATED_OBJC_IMPLEMENTATIONS = YES;
				CLANG_WARN_DIRECT_OBJC_ISA_USAGE = YES_ERROR;
				CLANG_WARN_DOCUMENTATION_COMMENTS = YES;
				CLANG_WARN_EMPTY_BODY = YES;
				CLANG_WARN_ENUM_CONVERSION = YES;
				CLANG_WARN_INFINITE_RECURSION = YES;
				CLANG_WARN_INT_CONVERSION = YES;
				CLANG_WARN_NON_LITERAL_NULL_CONVERSION = YES;
				CLANG_WARN_OBJC_IMPLICIT_RETAIN_SELF = YES;
				CLANG_WARN_OBJC_LITERAL_CONVERSION = YES;
				CLANG_WARN_OBJC_ROOT_CLASS = YES_ERROR;
				CLANG_WARN_QUOTED_INCLUDE_IN_FRAMEWORK_HEADER = YES;
				CLANG_WARN_RANGE_LOOP_ANALYSIS = YES;
				CLANG_WARN_STRICT_PROTOTYPES = YES;
				CLANG_WARN_SUSPICIOUS_MOVE = YES;
				CLANG_WARN_UNGUARDED_AVAILABILITY = YES_AGGRESSIVE;
				CLANG_WARN_UNREACHABLE_CODE = YES;
				CLANG_WARN__DUPLICATE_METHOD_MATCH = YES;
				COPY_PHASE_STRIP = NO;
				DEBUG_INFORMATION_FORMAT = dwarf;
				ENABLE_STRICT_OBJC_MSGSEND = YES;
				ENABLE_TESTABILITY = YES;
				GCC_C_LANGUAGE_STANDARD = gnu11;
				GCC_DYNAMIC_NO_PIC = NO;
				GCC_NO_COMMON_BLOCKS = YES;
				GCC_OPTIMIZATION_LEVEL = 0;
				GCC_PREPROCESSOR_DEFINITIONS = (
					"DEBUG=1",
					"$(inherited)",
				);
				GCC_WARN_64_TO_32_BIT_CONVERSION = YES;
				GCC_WARN_ABOUT_RETURN_TYPE = YES_ERROR;
				GCC_WARN_UNDECLARED_SELECTOR = YES;
				GCC_WARN_UNINITIALIZED_AUTOS = YES_AGGRESSIVE;
				GCC_WARN_UNUSED_FUNCTION = YES;
				GCC_WARN_UNUSED_VARIABLE = YES;
				IPHONEOS_DEPLOYMENT_TARGET = 15.0;
				MTL_ENABLE_DEBUG_INFO = INCLUDE_SOURCE;
				MTL_FAST_MATH = YES;
				ONLY_ACTIVE_ARCH = YES;
				SDKROOT = iphoneos;
				SWIFT_ACTIVE_COMPILATION_CONDITIONS = DEBUG;
				SWIFT_OPTIMIZATION_LEVEL = "-Onone";
			};
			name = Debug;
		};
		10D61C0327163A9300E5F12C /* Release */ = {
			isa = XCBuildConfiguration;
			buildSettings = {
				ALWAYS_SEARCH_USER_PATHS = NO;
				CLANG_ANALYZER_NONNULL = YES;
				CLANG_ANALYZER_NUMBER_OBJECT_CONVERSION = YES_AGGRESSIVE;
				CLANG_CXX_LANGUAGE_STANDARD = "gnu++17";
				CLANG_CXX_LIBRARY = "libc++";
				CLANG_ENABLE_MODULES = YES;
				CLANG_ENABLE_OBJC_ARC = YES;
				CLANG_ENABLE_OBJC_WEAK = YES;
				CLANG_WARN_BLOCK_CAPTURE_AUTORELEASING = YES;
				CLANG_WARN_BOOL_CONVERSION = YES;
				CLANG_WARN_COMMA = YES;
				CLANG_WARN_CONSTANT_CONVERSION = YES;
				CLANG_WARN_DEPRECATED_OBJC_IMPLEMENTATIONS = YES;
				CLANG_WARN_DIRECT_OBJC_ISA_USAGE = YES_ERROR;
				CLANG_WARN_DOCUMENTATION_COMMENTS = YES;
				CLANG_WARN_EMPTY_BODY = YES;
				CLANG_WARN_ENUM_CONVERSION = YES;
				CLANG_WARN_INFINITE_RECURSION = YES;
				CLANG_WARN_INT_CONVERSION = YES;
				CLANG_WARN_NON_LITERAL_NULL_CONVERSION = YES;
				CLANG_WARN_OBJC_IMPLICIT_RETAIN_SELF = YES;
				CLANG_WARN_OBJC_LITERAL_CONVERSION = YES;
				CLANG_WARN_OBJC_ROOT_CLASS = YES_ERROR;
				CLANG_WARN_QUOTED_INCLUDE_IN_FRAMEWORK_HEADER = YES;
				CLANG_WARN_RANGE_LOOP_ANALYSIS = YES;
				CLANG_WARN_STRICT_PROTOTYPES = YES;
				CLANG_WARN_SUSPICIOUS_MOVE = YES;
				CLANG_WARN_UNGUARDED_AVAILABILITY = YES_AGGRESSIVE;
				CLANG_WARN_UNREACHABLE_CODE = YES;
				CLANG_WARN__DUPLICATE_METHOD_MATCH = YES;
				COPY_PHASE_STRIP = NO;
				DEBUG_INFORMATION_FORMAT = "dwarf-with-dsym";
				ENABLE_NS_ASSERTIONS = NO;
				ENABLE_STRICT_OBJC_MSGSEND = YES;
				GCC_C_LANGUAGE_STANDARD = gnu11;
				GCC_NO_COMMON_BLOCKS = YES;
				GCC_WARN_64_TO_32_BIT_CONVERSION = YES;
				GCC_WARN_ABOUT_RETURN_TYPE = YES_ERROR;
				GCC_WARN_UNDECLARED_SELECTOR = YES;
				GCC_WARN_UNINITIALIZED_AUTOS = YES_AGGRESSIVE;
				GCC_WARN_UNUSED_FUNCTION = YES;
				GCC_WARN_UNUSED_VARIABLE = YES;
				IPHONEOS_DEPLOYMENT_TARGET = 15.0;
				MTL_ENABLE_DEBUG_INFO = NO;
				MTL_FAST_MATH = YES;
				SDKROOT = iphoneos;
				SWIFT_COMPILATION_MODE = wholemodule;
				SWIFT_OPTIMIZATION_LEVEL = "-O";
				VALIDATE_PRODUCT = YES;
			};
			name = Release;
		};
		10D61C0527163A9300E5F12C /* Debug */ = {
			isa = XCBuildConfiguration;
			baseConfigurationReference = FE66BE29ECE581DF666391E5 /* Pods-Parstagram.debug.xcconfig */;
			buildSettings = {
				ASSETCATALOG_COMPILER_APPICON_NAME = AppIcon;
				ASSETCATALOG_COMPILER_GLOBAL_ACCENT_COLOR_NAME = AccentColor;
				CODE_SIGN_STYLE = Automatic;
				CURRENT_PROJECT_VERSION = 1;
				GENERATE_INFOPLIST_FILE = YES;
				INFOPLIST_FILE = Parstagram/Info.plist;
				INFOPLIST_KEY_UIApplicationSupportsIndirectInputEvents = YES;
				INFOPLIST_KEY_UILaunchStoryboardName = LaunchScreen;
				INFOPLIST_KEY_UIMainStoryboardFile = Main;
				INFOPLIST_KEY_UISupportedInterfaceOrientations_iPad = "UIInterfaceOrientationPortrait UIInterfaceOrientationPortraitUpsideDown UIInterfaceOrientationLandscapeLeft UIInterfaceOrientationLandscapeRight";
				INFOPLIST_KEY_UISupportedInterfaceOrientations_iPhone = "UIInterfaceOrientationPortrait UIInterfaceOrientationLandscapeLeft UIInterfaceOrientationLandscapeRight";
				LD_RUNPATH_SEARCH_PATHS = (
					"$(inherited)",
					"@executable_path/Frameworks",
				);
				MARKETING_VERSION = 1.0;
				PRODUCT_BUNDLE_IDENTIFIER = me.mingkai.Parstagram;
				PRODUCT_NAME = "$(TARGET_NAME)";
				SWIFT_EMIT_LOC_STRINGS = YES;
				SWIFT_VERSION = 5.0;
				TARGETED_DEVICE_FAMILY = "1,2";
			};
			name = Debug;
		};
		10D61C0627163A9300E5F12C /* Release */ = {
			isa = XCBuildConfiguration;
			baseConfigurationReference = EB3336384C590F9ADAB1290B /* Pods-Parstagram.release.xcconfig */;
			buildSettings = {
				ASSETCATALOG_COMPILER_APPICON_NAME = AppIcon;
				ASSETCATALOG_COMPILER_GLOBAL_ACCENT_COLOR_NAME = AccentColor;
				CODE_SIGN_STYLE = Automatic;
				CURRENT_PROJECT_VERSION = 1;
				GENERATE_INFOPLIST_FILE = YES;
				INFOPLIST_FILE = Parstagram/Info.plist;
				INFOPLIST_KEY_UIApplicationSupportsIndirectInputEvents = YES;
				INFOPLIST_KEY_UILaunchStoryboardName = LaunchScreen;
				INFOPLIST_KEY_UIMainStoryboardFile = Main;
				INFOPLIST_KEY_UISupportedInterfaceOrientations_iPad = "UIInterfaceOrientationPortrait UIInterfaceOrientationPortraitUpsideDown UIInterfaceOrientationLandscapeLeft UIInterfaceOrientationLandscapeRight";
				INFOPLIST_KEY_UISupportedInterfaceOrientations_iPhone = "UIInterfaceOrientationPortrait UIInterfaceOrientationLandscapeLeft UIInterfaceOrientationLandscapeRight";
				LD_RUNPATH_SEARCH_PATHS = (
					"$(inherited)",
					"@executable_path/Frameworks",
				);
				MARKETING_VERSION = 1.0;
				PRODUCT_BUNDLE_IDENTIFIER = me.mingkai.Parstagram;
				PRODUCT_NAME = "$(TARGET_NAME)";
				SWIFT_EMIT_LOC_STRINGS = YES;
				SWIFT_VERSION = 5.0;
				TARGETED_DEVICE_FAMILY = "1,2";
			};
			name = Release;
		};
		10D61C0827163A9300E5F12C /* Debug */ = {
			isa = XCBuildConfiguration;
			buildSettings = {
				ALWAYS_EMBED_SWIFT_STANDARD_LIBRARIES = YES;
				BUNDLE_LOADER = "$(TEST_HOST)";
				CODE_SIGN_STYLE = Automatic;
				CURRENT_PROJECT_VERSION = 1;
				GENERATE_INFOPLIST_FILE = YES;
				IPHONEOS_DEPLOYMENT_TARGET = 15.0;
				LD_RUNPATH_SEARCH_PATHS = (
					"$(inherited)",
					"@executable_path/Frameworks",
					"@loader_path/Frameworks",
				);
				MARKETING_VERSION = 1.0;
				PRODUCT_BUNDLE_IDENTIFIER = me.mingkai.ParstagramTests;
				PRODUCT_NAME = "$(TARGET_NAME)";
				SWIFT_EMIT_LOC_STRINGS = NO;
				SWIFT_VERSION = 5.0;
				TARGETED_DEVICE_FAMILY = "1,2";
				TEST_HOST = "$(BUILT_PRODUCTS_DIR)/Parstagram.app/Parstagram";
			};
			name = Debug;
		};
		10D61C0927163A9300E5F12C /* Release */ = {
			isa = XCBuildConfiguration;
			buildSettings = {
				ALWAYS_EMBED_SWIFT_STANDARD_LIBRARIES = YES;
				BUNDLE_LOADER = "$(TEST_HOST)";
				CODE_SIGN_STYLE = Automatic;
				CURRENT_PROJECT_VERSION = 1;
				GENERATE_INFOPLIST_FILE = YES;
				IPHONEOS_DEPLOYMENT_TARGET = 15.0;
				LD_RUNPATH_SEARCH_PATHS = (
					"$(inherited)",
					"@executable_path/Frameworks",
					"@loader_path/Frameworks",
				);
				MARKETING_VERSION = 1.0;
				PRODUCT_BUNDLE_IDENTIFIER = me.mingkai.ParstagramTests;
				PRODUCT_NAME = "$(TARGET_NAME)";
				SWIFT_EMIT_LOC_STRINGS = NO;
				SWIFT_VERSION = 5.0;
				TARGETED_DEVICE_FAMILY = "1,2";
				TEST_HOST = "$(BUILT_PRODUCTS_DIR)/Parstagram.app/Parstagram";
			};
			name = Release;
		};
		10D61C0B27163A9300E5F12C /* Debug */ = {
			isa = XCBuildConfiguration;
			buildSettings = {
				ALWAYS_EMBED_SWIFT_STANDARD_LIBRARIES = YES;
				CODE_SIGN_STYLE = Automatic;
				CURRENT_PROJECT_VERSION = 1;
				GENERATE_INFOPLIST_FILE = YES;
				LD_RUNPATH_SEARCH_PATHS = (
					"$(inherited)",
					"@executable_path/Frameworks",
					"@loader_path/Frameworks",
				);
				MARKETING_VERSION = 1.0;
				PRODUCT_BUNDLE_IDENTIFIER = me.mingkai.ParstagramUITests;
				PRODUCT_NAME = "$(TARGET_NAME)";
				SWIFT_EMIT_LOC_STRINGS = NO;
				SWIFT_VERSION = 5.0;
				TARGETED_DEVICE_FAMILY = "1,2";
				TEST_TARGET_NAME = Parstagram;
			};
			name = Debug;
		};
		10D61C0C27163A9300E5F12C /* Release */ = {
			isa = XCBuildConfiguration;
			buildSettings = {
				ALWAYS_EMBED_SWIFT_STANDARD_LIBRARIES = YES;
				CODE_SIGN_STYLE = Automatic;
				CURRENT_PROJECT_VERSION = 1;
				GENERATE_INFOPLIST_FILE = YES;
				LD_RUNPATH_SEARCH_PATHS = (
					"$(inherited)",
					"@executable_path/Frameworks",
					"@loader_path/Frameworks",
				);
				MARKETING_VERSION = 1.0;
				PRODUCT_BUNDLE_IDENTIFIER = me.mingkai.ParstagramUITests;
				PRODUCT_NAME = "$(TARGET_NAME)";
				SWIFT_EMIT_LOC_STRINGS = NO;
				SWIFT_VERSION = 5.0;
				TARGETED_DEVICE_FAMILY = "1,2";
				TEST_TARGET_NAME = Parstagram;
			};
			name = Release;
		};
/* End XCBuildConfiguration section */

/* Begin XCConfigurationList section */
		10D61BD227163A9000E5F12C /* Build configuration list for PBXProject "Parstagram" */ = {
			isa = XCConfigurationList;
			buildConfigurations = (
				10D61C0227163A9300E5F12C /* Debug */,
				10D61C0327163A9300E5F12C /* Release */,
			);
			defaultConfigurationIsVisible = 0;
			defaultConfigurationName = Release;
		};
		10D61C0427163A9300E5F12C /* Build configuration list for PBXNativeTarget "Parstagram" */ = {
			isa = XCConfigurationList;
			buildConfigurations = (
				10D61C0527163A9300E5F12C /* Debug */,
				10D61C0627163A9300E5F12C /* Release */,
			);
			defaultConfigurationIsVisible = 0;
			defaultConfigurationName = Release;
		};
		10D61C0727163A9300E5F12C /* Build configuration list for PBXNativeTarget "ParstagramTests" */ = {
			isa = XCConfigurationList;
			buildConfigurations = (
				10D61C0827163A9300E5F12C /* Debug */,
				10D61C0927163A9300E5F12C /* Release */,
			);
			defaultConfigurationIsVisible = 0;
			defaultConfigurationName = Release;
		};
		10D61C0A27163A9300E5F12C /* Build configuration list for PBXNativeTarget "ParstagramUITests" */ = {
			isa = XCConfigurationList;
			buildConfigurations = (
				10D61C0B27163A9300E5F12C /* Debug */,
				10D61C0C27163A9300E5F12C /* Release */,
			);
			defaultConfigurationIsVisible = 0;
			defaultConfigurationName = Release;
		};
/* End XCConfigurationList section */

/* Begin XCVersionGroup section */
		10D61BE327163A9000E5F12C /* Parstagram.xcdatamodeld */ = {
			isa = XCVersionGroup;
			children = (
				10D61BE427163A9000E5F12C /* Parstagram.xcdatamodel */,
			);
			currentVersion = 10D61BE427163A9000E5F12C /* Parstagram.xcdatamodel */;
			path = Parstagram.xcdatamodeld;
			sourceTree = "<group>";
			versionGroupType = wrapper.xcdatamodel;
		};
/* End XCVersionGroup section */
	};
	rootObject = 10D61BCF27163A9000E5F12C /* Project object */;
}
